// !$*UTF8*$!
{
	archiveVersion = 1;
	classes = {
	};
	objectVersion = 46;
	objects = {

/* Begin PBXBuildFile section */
		FDAC3B061F27FB6B00E676C7 /* AppDelegate.swift in Sources */ = {isa = PBXBuildFile; fileRef = FDAC3B051F27FB6B00E676C7 /* AppDelegate.swift */; };
		FDAC3B081F27FB6B00E676C7 /* MainVC.swift in Sources */ = {isa = PBXBuildFile; fileRef = FDAC3B071F27FB6B00E676C7 /* MainVC.swift */; };
		FDAC3B0B1F27FB6C00E676C7 /* Main.storyboard in Resources */ = {isa = PBXBuildFile; fileRef = FDAC3B091F27FB6C00E676C7 /* Main.storyboard */; };
		FDAC3B0D1F27FB6C00E676C7 /* Assets.xcassets in Resources */ = {isa = PBXBuildFile; fileRef = FDAC3B0C1F27FB6C00E676C7 /* Assets.xcassets */; };
		FDAC3B101F27FB6C00E676C7 /* LaunchScreen.storyboard in Resources */ = {isa = PBXBuildFile; fileRef = FDAC3B0E1F27FB6C00E676C7 /* LaunchScreen.storyboard */; };
		FDAC3B1B1F2802C800E676C7 /* FancyTextField.swift in Sources */ = {isa = PBXBuildFile; fileRef = FDAC3B1A1F2802C800E676C7 /* FancyTextField.swift */; };
		FDAC3B231F288B2000E676C7 /* Window_shopperTests.swift in Sources */ = {isa = PBXBuildFile; fileRef = FDAC3B221F288B2000E676C7 /* Window_shopperTests.swift */; };
		FDAC3B2B1F288B4400E676C7 /* Wage.swift in Sources */ = {isa = PBXBuildFile; fileRef = FDAC3B2A1F288B4400E676C7 /* Wage.swift */; };
		FDAC3B2C1F288D5300E676C7 /* Wage.swift in Sources */ = {isa = PBXBuildFile; fileRef = FDAC3B2A1F288B4400E676C7 /* Wage.swift */; };
/* End PBXBuildFile section */

/* Begin PBXContainerItemProxy section */
		FDAC3B251F288B2000E676C7 /* PBXContainerItemProxy */ = {
			isa = PBXContainerItemProxy;
			containerPortal = FDAC3AFA1F27FB6B00E676C7 /* Project object */;
			proxyType = 1;
			remoteGlobalIDString = FDAC3B011F27FB6B00E676C7;
			remoteInfo = "Window shopper";
		};
/* End PBXContainerItemProxy section */

/* Begin PBXFileReference section */
		FDAC3B021F27FB6B00E676C7 /* Window shopper.app */ = {isa = PBXFileReference; explicitFileType = wrapper.application; includeInIndex = 0; path = "Window shopper.app"; sourceTree = BUILT_PRODUCTS_DIR; };
		FDAC3B051F27FB6B00E676C7 /* AppDelegate.swift */ = {isa = PBXFileReference; lastKnownFileType = sourcecode.swift; path = AppDelegate.swift; sourceTree = "<group>"; };
		FDAC3B071F27FB6B00E676C7 /* MainVC.swift */ = {isa = PBXFileReference; lastKnownFileType = sourcecode.swift; path = MainVC.swift; sourceTree = "<group>"; };
		FDAC3B0A1F27FB6C00E676C7 /* Base */ = {isa = PBXFileReference; lastKnownFileType = file.storyboard; name = Base; path = Base.lproj/Main.storyboard; sourceTree = "<group>"; };
		FDAC3B0C1F27FB6C00E676C7 /* Assets.xcassets */ = {isa = PBXFileReference; lastKnownFileType = folder.assetcatalog; path = Assets.xcassets; sourceTree = "<group>"; };
		FDAC3B0F1F27FB6C00E676C7 /* Base */ = {isa = PBXFileReference; lastKnownFileType = file.storyboard; name = Base; path = Base.lproj/LaunchScreen.storyboard; sourceTree = "<group>"; };
		FDAC3B111F27FB6C00E676C7 /* Info.plist */ = {isa = PBXFileReference; lastKnownFileType = text.plist.xml; path = Info.plist; sourceTree = "<group>"; };
		FDAC3B1A1F2802C800E676C7 /* FancyTextField.swift */ = {isa = PBXFileReference; fileEncoding = 4; lastKnownFileType = sourcecode.swift; path = FancyTextField.swift; sourceTree = "<group>"; };
		FDAC3B201F288B2000E676C7 /* Window shopperTests.xctest */ = {isa = PBXFileReference; explicitFileType = wrapper.cfbundle; includeInIndex = 0; path = "Window shopperTests.xctest"; sourceTree = BUILT_PRODUCTS_DIR; };
		FDAC3B221F288B2000E676C7 /* Window_shopperTests.swift */ = {isa = PBXFileReference; lastKnownFileType = sourcecode.swift; path = Window_shopperTests.swift; sourceTree = "<group>"; };
		FDAC3B241F288B2000E676C7 /* Info.plist */ = {isa = PBXFileReference; lastKnownFileType = text.plist.xml; path = Info.plist; sourceTree = "<group>"; };
		FDAC3B2A1F288B4400E676C7 /* Wage.swift */ = {isa = PBXFileReference; fileEncoding = 4; lastKnownFileType = sourcecode.swift; path = Wage.swift; sourceTree = "<group>"; };
/* End PBXFileReference section */

/* Begin PBXFrameworksBuildPhase section */
		FDAC3AFF1F27FB6B00E676C7 /* Frameworks */ = {
			isa = PBXFrameworksBuildPhase;
			buildActionMask = 2147483647;
			files = (
			);
			runOnlyForDeploymentPostprocessing = 0;
		};
		FDAC3B1D1F288B2000E676C7 /* Frameworks */ = {
			isa = PBXFrameworksBuildPhase;
			buildActionMask = 2147483647;
			files = (
			);
			runOnlyForDeploymentPostprocessing = 0;
		};
/* End PBXFrameworksBuildPhase section */

/* Begin PBXGroup section */
		FDAC3AF91F27FB6B00E676C7 = {
			isa = PBXGroup;
			children = (
				FDAC3B041F27FB6B00E676C7 /* Window shopper */,
				FDAC3B211F288B2000E676C7 /* Window shopperTests */,
				FDAC3B031F27FB6B00E676C7 /* Products */,
			);
			sourceTree = "<group>";
		};
		FDAC3B031F27FB6B00E676C7 /* Products */ = {
			isa = PBXGroup;
			children = (
				FDAC3B021F27FB6B00E676C7 /* Window shopper.app */,
				FDAC3B201F288B2000E676C7 /* Window shopperTests.xctest */,
			);
			name = Products;
			sourceTree = "<group>";
		};
		FDAC3B041F27FB6B00E676C7 /* Window shopper */ = {
			isa = PBXGroup;
			children = (
				FDAC3B191F27FD9400E676C7 /* Model */,
				FDAC3B181F27FD8900E676C7 /* View */,
				FDAC3B171F27FD7A00E676C7 /* Controller */,
				FDAC3B051F27FB6B00E676C7 /* AppDelegate.swift */,
				FDAC3B091F27FB6C00E676C7 /* Main.storyboard */,
				FDAC3B0C1F27FB6C00E676C7 /* Assets.xcassets */,
				FDAC3B0E1F27FB6C00E676C7 /* LaunchScreen.storyboard */,
				FDAC3B111F27FB6C00E676C7 /* Info.plist */,
			);
			path = "Window shopper";
			sourceTree = "<group>";
		};
		FDAC3B171F27FD7A00E676C7 /* Controller */ = {
			isa = PBXGroup;
			children = (
				FDAC3B071F27FB6B00E676C7 /* MainVC.swift */,
			);
			name = Controller;
			sourceTree = "<group>";
		};
		FDAC3B181F27FD8900E676C7 /* View */ = {
			isa = PBXGroup;
			children = (
				FDAC3B1A1F2802C800E676C7 /* FancyTextField.swift */,
			);
			name = View;
			sourceTree = "<group>";
		};
		FDAC3B191F27FD9400E676C7 /* Model */ = {
			isa = PBXGroup;
			children = (
				FDAC3B2A1F288B4400E676C7 /* Wage.swift */,
			);
			name = Model;
			sourceTree = "<group>";
		};
		FDAC3B211F288B2000E676C7 /* Window shopperTests */ = {
			isa = PBXGroup;
			children = (
				FDAC3B221F288B2000E676C7 /* Window_shopperTests.swift */,
				FDAC3B241F288B2000E676C7 /* Info.plist */,
			);
			path = "Window shopperTests";
			sourceTree = "<group>";
		};
/* End PBXGroup section */

/* Begin PBXNativeTarget section */
		FDAC3B011F27FB6B00E676C7 /* Window shopper */ = {
			isa = PBXNativeTarget;
			buildConfigurationList = FDAC3B141F27FB6C00E676C7 /* Build configuration list for PBXNativeTarget "Window shopper" */;
			buildPhases = (
				FDAC3AFE1F27FB6B00E676C7 /* Sources */,
				FDAC3AFF1F27FB6B00E676C7 /* Frameworks */,
				FDAC3B001F27FB6B00E676C7 /* Resources */,
			);
			buildRules = (
			);
			dependencies = (
			);
			name = "Window shopper";
			productName = "Window shopper";
			productReference = FDAC3B021F27FB6B00E676C7 /* Window shopper.app */;
			productType = "com.apple.product-type.application";
		};
		FDAC3B1F1F288B2000E676C7 /* Window shopperTests */ = {
			isa = PBXNativeTarget;
			buildConfigurationList = FDAC3B291F288B2000E676C7 /* Build configuration list for PBXNativeTarget "Window shopperTests" */;
			buildPhases = (
				FDAC3B1C1F288B2000E676C7 /* Sources */,
				FDAC3B1D1F288B2000E676C7 /* Frameworks */,
				FDAC3B1E1F288B2000E676C7 /* Resources */,
			);
			buildRules = (
			);
			dependencies = (
				FDAC3B261F288B2000E676C7 /* PBXTargetDependency */,
			);
			name = "Window shopperTests";
			productName = "Window shopperTests";
			productReference = FDAC3B201F288B2000E676C7 /* Window shopperTests.xctest */;
			productType = "com.apple.product-type.bundle.unit-test";
		};
/* End PBXNativeTarget section */

/* Begin PBXProject section */
		FDAC3AFA1F27FB6B00E676C7 /* Project object */ = {
			isa = PBXProject;
			attributes = {
				LastSwiftUpdateCheck = 0830;
				LastUpgradeCheck = 0830;
				ORGANIZATIONNAME = "Daniel Ny";
				TargetAttributes = {
					FDAC3B011F27FB6B00E676C7 = {
						CreatedOnToolsVersion = 8.3.3;
						DevelopmentTeam = 7LRD5684ZH;
						ProvisioningStyle = Automatic;
					};
					FDAC3B1F1F288B2000E676C7 = {
						CreatedOnToolsVersion = 8.3.3;
						DevelopmentTeam = 7LRD5684ZH;
						ProvisioningStyle = Automatic;
						TestTargetID = FDAC3B011F27FB6B00E676C7;
					};
				};
			};
			buildConfigurationList = FDAC3AFD1F27FB6B00E676C7 /* Build configuration list for PBXProject "Window shopper" */;
			compatibilityVersion = "Xcode 3.2";
			developmentRegion = English;
			hasScannedForEncodings = 0;
			knownRegions = (
				en,
				Base,
			);
			mainGroup = FDAC3AF91F27FB6B00E676C7;
			productRefGroup = FDAC3B031F27FB6B00E676C7 /* Products */;
			projectDirPath = "";
			projectRoot = "";
			targets = (
				FDAC3B011F27FB6B00E676C7 /* Window shopper */,
				FDAC3B1F1F288B2000E676C7 /* Window shopperTests */,
			);
		};
/* End PBXProject section */

/* Begin PBXResourcesBuildPhase section */
		FDAC3B001F27FB6B00E676C7 /* Resources */ = {
			isa = PBXResourcesBuildPhase;
			buildActionMask = 2147483647;
			files = (
				FDAC3B101F27FB6C00E676C7 /* LaunchScreen.storyboard in Resources */,
				FDAC3B0D1F27FB6C00E676C7 /* Assets.xcassets in Resources */,
				FDAC3B0B1F27FB6C00E676C7 /* Main.storyboard in Resources */,
			);
			runOnlyForDeploymentPostprocessing = 0;
		};
		FDAC3B1E1F288B2000E676C7 /* Resources */ = {
			isa = PBXResourcesBuildPhase;
			buildActionMask = 2147483647;
			files = (
			);
			runOnlyForDeploymentPostprocessing = 0;
		};
/* End PBXResourcesBuildPhase section */

/* Begin PBXSourcesBuildPhase section */
		FDAC3AFE1F27FB6B00E676C7 /* Sources */ = {
			isa = PBXSourcesBuildPhase;
			buildActionMask = 2147483647;
			files = (
				FDAC3B1B1F2802C800E676C7 /* FancyTextField.swift in Sources */,
				FDAC3B2B1F288B4400E676C7 /* Wage.swift in Sources */,
				FDAC3B081F27FB6B00E676C7 /* MainVC.swift in Sources */,
				FDAC3B061F27FB6B00E676C7 /* AppDelegate.swift in Sources */,
			);
			runOnlyForDeploymentPostprocessing = 0;
		};
		FDAC3B1C1F288B2000E676C7 /* Sources */ = {
			isa = PBXSourcesBuildPhase;
			buildActionMask = 2147483647;
			files = (
				FDAC3B231F288B2000E676C7 /* Window_shopperTests.swift in Sources */,
				FDAC3B2C1F288D5300E676C7 /* Wage.swift in Sources */,
			);
			runOnlyForDeploymentPostprocessing = 0;
		};
/* End PBXSourcesBuildPhase section */

/* Begin PBXTargetDependency section */
		FDAC3B261F288B2000E676C7 /* PBXTargetDependency */ = {
			isa = PBXTargetDependency;
			target = FDAC3B011F27FB6B00E676C7 /* Window shopper */;
			targetProxy = FDAC3B251F288B2000E676C7 /* PBXContainerItemProxy */;
		};
/* End PBXTargetDependency section */

/* Begin PBXVariantGroup section */
		FDAC3B091F27FB6C00E676C7 /* Main.storyboard */ = {
			isa = PBXVariantGroup;
			children = (
				FDAC3B0A1F27FB6C00E676C7 /* Base */,
			);
			name = Main.storyboard;
			sourceTree = "<group>";
		};
		FDAC3B0E1F27FB6C00E676C7 /* LaunchScreen.storyboard */ = {
			isa = PBXVariantGroup;
			children = (
				FDAC3B0F1F27FB6C00E676C7 /* Base */,
			);
			name = LaunchScreen.storyboard;
			sourceTree = "<group>";
		};
/* End PBXVariantGroup section */

/* Begin XCBuildConfiguration section */
		FDAC3B121F27FB6C00E676C7 /* Debug */ = {
			isa = XCBuildConfiguration;
			buildSettings = {
				ALWAYS_SEARCH_USER_PATHS = NO;
				CLANG_ANALYZER_NONNULL = YES;
				CLANG_ANALYZER_NUMBER_OBJECT_CONVERSION = YES_AGGRESSIVE;
				CLANG_CXX_LANGUAGE_STANDARD = "gnu++0x";
				CLANG_CXX_LIBRARY = "libc++";
				CLANG_ENABLE_MODULES = YES;
				CLANG_ENABLE_OBJC_ARC = YES;
				CLANG_WARN_BOOL_CONVERSION = YES;
				CLANG_WARN_CONSTANT_CONVERSION = YES;
				CLANG_WARN_DIRECT_OBJC_ISA_USAGE = YES_ERROR;
				CLANG_WARN_DOCUMENTATION_COMMENTS = YES;
				CLANG_WARN_EMPTY_BODY = YES;
				CLANG_WARN_ENUM_CONVERSION = YES;
				CLANG_WARN_INFINITE_RECURSION = YES;
				CLANG_WARN_INT_CONVERSION = YES;
				CLANG_WARN_OBJC_ROOT_CLASS = YES_ERROR;
				CLANG_WARN_SUSPICIOUS_MOVE = YES;
				CLANG_WARN_UNREACHABLE_CODE = YES;
				CLANG_WARN__DUPLICATE_METHOD_MATCH = YES;
				"CODE_SIGN_IDENTITY[sdk=iphoneos*]" = "iPhone Developer";
				COPY_PHASE_STRIP = NO;
				DEBUG_INFORMATION_FORMAT = dwarf;
				ENABLE_STRICT_OBJC_MSGSEND = YES;
				ENABLE_TESTABILITY = YES;
				GCC_C_LANGUAGE_STANDARD = gnu99;
				GCC_DYNAMIC_NO_PIC = NO;
				GCC_NO_COMMON_BLOCKS = YES;
				GCC_OPTIMIZATION_LEVEL = 0;
				GCC_PREPROCESSOR_DEFINITIONS = (
					"DEBUG=1",
					"$(inherited)",
				);
				GCC_WARN_64_TO_32_BIT_CONVERSION = YES;
				GCC_WARN_ABOUT_RETURN_TYPE = YES_ERROR;
				GCC_WARN_UNDECLARED_SELECTOR = YES;
				GCC_WARN_UNINITIALIZED_AUTOS = YES_AGGRESSIVE;
				GCC_WARN_UNUSED_FUNCTION = YES;
				GCC_WARN_UNUSED_VARIABLE = YES;
				IPHONEOS_DEPLOYMENT_TARGET = 10.3;
				MTL_ENABLE_DEBUG_INFO = YES;
				ONLY_ACTIVE_ARCH = YES;
				SDKROOT = iphoneos;
				SWIFT_ACTIVE_COMPILATION_CONDITIONS = DEBUG;
				SWIFT_OPTIMIZATION_LEVEL = "-Onone";
				TARGETED_DEVICE_FAMILY = "1,2";
			};
			name = Debug;
		};
		FDAC3B131F27FB6C00E676C7 /* Release */ = {
			isa = XCBuildConfiguration;
			buildSettings = {
				ALWAYS_SEARCH_USER_PATHS = NO;
				CLANG_ANALYZER_NONNULL = YES;
				CLANG_ANALYZER_NUMBER_OBJECT_CONVERSION = YES_AGGRESSIVE;
				CLANG_CXX_LANGUAGE_STANDARD = "gnu++0x";
				CLANG_CXX_LIBRARY = "libc++";
				CLANG_ENABLE_MODULES = YES;
				CLANG_ENABLE_OBJC_ARC = YES;
				CLANG_WARN_BOOL_CONVERSION = YES;
				CLANG_WARN_CONSTANT_CONVERSION = YES;
				CLANG_WARN_DIRECT_OBJC_ISA_USAGE = YES_ERROR;
				CLANG_WARN_DOCUMENTATION_COMMENTS = YES;
				CLANG_WARN_EMPTY_BODY = YES;
				CLANG_WARN_ENUM_CONVERSION = YES;
				CLANG_WARN_INFINITE_RECURSION = YES;
				CLANG_WARN_INT_CONVERSION = YES;
				CLANG_WARN_OBJC_ROOT_CLASS = YES_ERROR;
				CLANG_WARN_SUSPICIOUS_MOVE = YES;
				CLANG_WARN_UNREACHABLE_CODE = YES;
				CLANG_WARN__DUPLICATE_METHOD_MATCH = YES;
				"CODE_SIGN_IDENTITY[sdk=iphoneos*]" = "iPhone Developer";
				COPY_PHASE_STRIP = NO;
				DEBUG_INFORMATION_FORMAT = "dwarf-with-dsym";
				ENABLE_NS_ASSERTIONS = NO;
				ENABLE_STRICT_OBJC_MSGSEND = YES;
				GCC_C_LANGUAGE_STANDARD = gnu99;
				GCC_NO_COMMON_BLOCKS = YES;
				GCC_WARN_64_TO_32_BIT_CONVERSION = YES;
				GCC_WARN_ABOUT_RETURN_TYPE = YES_ERROR;
				GCC_WARN_UNDECLARED_SELECTOR = YES;
				GCC_WARN_UNINITIALIZED_AUTOS = YES_AGGRESSIVE;
				GCC_WARN_UNUSED_FUNCTION = YES;
				GCC_WARN_UNUSED_VARIABLE = YES;
				IPHONEOS_DEPLOYMENT_TARGET = 10.3;
				MTL_ENABLE_DEBUG_INFO = NO;
				SDKROOT = iphoneos;
				SWIFT_OPTIMIZATION_LEVEL = "-Owholemodule";
				TARGETED_DEVICE_FAMILY = "1,2";
				VALIDATE_PRODUCT = YES;
			};
			name = Release;
		};
		FDAC3B151F27FB6C00E676C7 /* Debug */ = {
			isa = XCBuildConfiguration;
			buildSettings = {
				ASSETCATALOG_COMPILER_APPICON_NAME = AppIcon;
				DEVELOPMENT_TEAM = 7LRD5684ZH;
				INFOPLIST_FILE = "Window shopper/Info.plist";
				LD_RUNPATH_SEARCH_PATHS = "$(inherited) @executable_path/Frameworks";
				PRODUCT_BUNDLE_IDENTIFIER = "com.danielny.Window-shopper";
				PRODUCT_NAME = "$(TARGET_NAME)";
				SWIFT_VERSION = 3.0;
			};
			name = Debug;
		};
		FDAC3B161F27FB6C00E676C7 /* Release */ = {
			isa = XCBuildConfiguration;
			buildSettings = {
				ASSETCATALOG_COMPILER_APPICON_NAME = AppIcon;
				DEVELOPMENT_TEAM = 7LRD5684ZH;
				INFOPLIST_FILE = "Window shopper/Info.plist";
				LD_RUNPATH_SEARCH_PATHS = "$(inherited) @executable_path/Frameworks";
				PRODUCT_BUNDLE_IDENTIFIER = "com.danielny.Window-shopper";
				PRODUCT_NAME = "$(TARGET_NAME)";
				SWIFT_VERSION = 3.0;
			};
			name = Release;
		};
		FDAC3B271F288B2000E676C7 /* Debug */ = {
			isa = XCBuildConfiguration;
			buildSettings = {
				BUNDLE_LOADER = "$(TEST_HOST)";
				DEVELOPMENT_TEAM = 7LRD5684ZH;
				INFOPLIST_FILE = "Window shopperTests/Info.plist";
				LD_RUNPATH_SEARCH_PATHS = "$(inherited) @executable_path/Frameworks @loader_path/Frameworks";
				PRODUCT_BUNDLE_IDENTIFIER = "com.danielny.Window-shopperTests";
				PRODUCT_NAME = "$(TARGET_NAME)";
				SWIFT_VERSION = 3.0;
				TEST_HOST = "$(BUILT_PRODUCTS_DIR)/Window shopper.app/Window shopper";
			};
			name = Debug;
		};
		FDAC3B281F288B2000E676C7 /* Release */ = {
			isa = XCBuildConfiguration;
			buildSettings = {
				BUNDLE_LOADER = "$(TEST_HOST)";
				DEVELOPMENT_TEAM = 7LRD5684ZH;
				INFOPLIST_FILE = "Window shopperTests/Info.plist";
				LD_RUNPATH_SEARCH_PATHS = "$(inherited) @executable_path/Frameworks @loader_path/Frameworks";
				PRODUCT_BUNDLE_IDENTIFIER = "com.danielny.Window-shopperTests";
				PRODUCT_NAME = "$(TARGET_NAME)";
				SWIFT_VERSION = 3.0;
				TEST_HOST = "$(BUILT_PRODUCTS_DIR)/Window shopper.app/Window shopper";
			};
			name = Release;
		};
/* End XCBuildConfiguration section */

/* Begin XCConfigurationList section */
		FDAC3AFD1F27FB6B00E676C7 /* Build configuration list for PBXProject "Window shopper" */ = {
			isa = XCConfigurationList;
			buildConfigurations = (
				FDAC3B121F27FB6C00E676C7 /* Debug */,
				FDAC3B131F27FB6C00E676C7 /* Release */,
			);
			defaultConfigurationIsVisible = 0;
			defaultConfigurationName = Release;
		};
		FDAC3B141F27FB6C00E676C7 /* Build configuration list for PBXNativeTarget "Window shopper" */ = {
			isa = XCConfigurationList;
			buildConfigurations = (
				FDAC3B151F27FB6C00E676C7 /* Debug */,
				FDAC3B161F27FB6C00E676C7 /* Release */,
			);
			defaultConfigurationIsVisible = 0;
			defaultConfigurationName = Release;
		};
		FDAC3B291F288B2000E676C7 /* Build configuration list for PBXNativeTarget "Window shopperTests" */ = {
			isa = XCConfigurationList;
			buildConfigurations = (
				FDAC3B271F288B2000E676C7 /* Debug */,
				FDAC3B281F288B2000E676C7 /* Release */,
			);
			defaultConfigurationIsVisible = 0;
		};
/* End XCConfigurationList section */
	};
	rootObject = FDAC3AFA1F27FB6B00E676C7 /* Project object */;
}
